
Microsoft Visual Studio Solution File, Format Version 12.00
# Visual Studio Version 16
VisualStudioVersion = 16.0.31515.178
MinimumVisualStudioVersion = 10.0.40219.1
Project("{FAE04EC0-301F-11D3-BF4B-00C04F79EFBC}") = "TesteLogicaFIT", "TesteLogicaFIT\TesteLogicaFIT.csproj", "{36523F04-79F8-4920-8D08-F316B09C7D07}"
EndProject
Global
	GlobalSection(SolutionConfigurationPlatforms) = preSolution
		Debug|Any CPU = Debug|Any CPU
		Release|Any CPU = Release|Any CPU
	EndGlobalSection
	GlobalSection(ProjectConfigurationPlatforms) = postSolution
		{36523F04-79F8-4920-8D08-F316B09C7D07}.Debug|Any CPU.ActiveCfg = Debug|Any CPU
		{36523F04-79F8-4920-8D08-F316B09C7D07}.Debug|Any CPU.Build.0 = Debug|Any CPU
		{36523F04-79F8-4920-8D08-F316B09C7D07}.Release|Any CPU.ActiveCfg = Release|Any CPU
		{36523F04-79F8-4920-8D08-F316B09C7D07}.Release|Any CPU.Build.0 = Release|Any CPU
	EndGlobalSection
	GlobalSection(SolutionProperties) = preSolution
		HideSolutionNode = FALSE
	EndGlobalSection
	GlobalSection(ExtensibilityGlobals) = postSolution
		SolutionGuid = {5A42E5EC-CDA6-412E-B11C-374E72418F93}
	EndGlobalSection
EndGlobal
